
Microsoft Visual Studio Solution File, Format Version 12.00
# Visual Studio Version 17
VisualStudioVersion = 17.1.32328.378
MinimumVisualStudioVersion = 10.0.40219.1
Project("{9A19103F-16F7-4668-BE54-9A1E7A4F7556}") = "Codout.Framework.Common", "Codout.Framework.Common\Codout.Framework.Common.csproj", "{281F92E8-F224-4036-858E-F04203D9107B}"
EndProject
Project("{9A19103F-16F7-4668-BE54-9A1E7A4F7556}") = "Codout.Framework.Domain", "Codout.Framework.Domain\Codout.Framework.Domain.csproj", "{C1B0EF6F-49FD-4199-8BA3-7FD7BA3DD4BA}"
EndProject
Project("{9A19103F-16F7-4668-BE54-9A1E7A4F7556}") = "Codout.Framework.Api", "Codout.Framework.Api\Codout.Framework.Api.csproj", "{9F190AFF-FADE-4E54-96D8-FFD6F14ECBEA}"
EndProject
Project("{9A19103F-16F7-4668-BE54-9A1E7A4F7556}") = "Codout.Framework.DAL", "Codout.Framework.DAL\Codout.Framework.DAL.csproj", "{DECEF05F-6F17-448E-A850-38A0977DB5BC}"
EndProject
Project("{9A19103F-16F7-4668-BE54-9A1E7A4F7556}") = "Codout.Framework.Mongo", "Codout.Framework.Mongo\Codout.Framework.Mongo.csproj", "{C2EEFA12-A0DD-4EC4-BCFE-00B1DADC5797}"
EndProject
Project("{9A19103F-16F7-4668-BE54-9A1E7A4F7556}") = "Codout.Framework.NH", "Codout.Framework.NH\Codout.Framework.NH.csproj", "{269065CB-D3A4-4EFE-8F05-E4ED417B7083}"
EndProject
Project("{9A19103F-16F7-4668-BE54-9A1E7A4F7556}") = "Codout.Framework.Api.Client", "Codout.Framework.Api.Client\Codout.Framework.Api.Client.csproj", "{777EEB29-52E1-4585-BB10-ECF95563EBD7}"
EndProject
Project("{9A19103F-16F7-4668-BE54-9A1E7A4F7556}") = "Codout.Framework.EF", "Codout.Framework.EF\Codout.Framework.EF.csproj", "{4459FDE2-3D9F-408A-8D6B-863B1D05B865}"
EndProject
Project("{9A19103F-16F7-4668-BE54-9A1E7A4F7556}") = "Codout.Mailer", "Codout.Mailer\Codout.Mailer.csproj", "{DA7E9861-F5C1-45DF-8509-EC1D76F0EA9C}"
EndProject
Project("{9A19103F-16F7-4668-BE54-9A1E7A4F7556}") = "Codout.Mailer.SendGrid", "Codout.Mailer.SendGrid\Codout.Mailer.SendGrid.csproj", "{1B24E7A5-880C-431E-B859-C77037F4CF00}"
EndProject
Project("{9A19103F-16F7-4668-BE54-9A1E7A4F7556}") = "Codout.Multitenancy", "Codout.Multitenancy\Codout.Multitenancy.csproj", "{5D77842D-DD96-4927-976A-FFFD8207ED70}"
EndProject
Project("{9A19103F-16F7-4668-BE54-9A1E7A4F7556}") = "Codout.Mailer.AWS", "Codout.Mailer.AWS\Codout.Mailer.AWS.csproj", "{A51B2EDB-B261-41B2-B86F-BBA84AE46288}"
EndProject
Project("{2150E333-8FDC-42A3-9474-1A3956D46DE8}") = "API", "API", "{2834E4EA-7AD3-4D09-B62D-430CA4C2289B}"
EndProject
Project("{2150E333-8FDC-42A3-9474-1A3956D46DE8}") = "DAL", "DAL", "{DA5D055F-6C44-466A-BE23-82DF4395EF36}"
EndProject
Project("{2150E333-8FDC-42A3-9474-1A3956D46DE8}") = "Core", "Core", "{B6832CA4-604B-4DC8-908B-06405133B6B6}"
EndProject
Project("{2150E333-8FDC-42A3-9474-1A3956D46DE8}") = "Mailer", "Mailer", "{992EAEDC-B75F-45CA-8B2C-840E3F9B5133}"
EndProject
Project("{9A19103F-16F7-4668-BE54-9A1E7A4F7556}") = "Codout.DynamicLinq", "Codout.DynamicLinq\Codout.DynamicLinq.csproj", "{B4D2F699-D825-4CC3-90D1-000E158D0450}"
EndProject
Project("{D954291E-2A0B-460D-934E-DC6B0785DB48}") = "Codout.Framework.Api.Shared", "Codout.Framework.Api.Shared\Codout.Framework.Api.Shared.shproj", "{2D256FF1-18AD-4ACC-8930-732391B6A337}"
EndProject
Project("{9A19103F-16F7-4668-BE54-9A1E7A4F7556}") = "Codout.Framework.Application", "Codout.Framework.Application\Codout.Framework.Application.csproj", "{1C645251-DB97-405B-9899-173FEB02E5B4}"
EndProject
Project("{D954291E-2A0B-460D-934E-DC6B0785DB48}") = "Codout.Framework.Dto.Shared", "Codout.Framework.Dto.Shared\Codout.Framework.Dto.Shared.shproj", "{C53D01E0-E48F-40D5-92D8-EAECE82BACB3}"
EndProject
Project("{2150E333-8FDC-42A3-9474-1A3956D46DE8}") = "Storage", "Storage", "{10DDCDA2-E687-45E3-84FE-9CEB5EB656B9}"
EndProject
Project("{FAE04EC0-301F-11D3-BF4B-00C04F79EFBC}") = "Codout.Framework.Storage", "Codout.Framework.Storage\Codout.Framework.Storage.csproj", "{A7759C7F-BC27-4BE5-A9D2-F94D0B3CB2F4}"
EndProject
Project("{FAE04EC0-301F-11D3-BF4B-00C04F79EFBC}") = "Codout.Framework.Storage.Azure", "Codout.Framework.Storage.Azure\Codout.Framework.Storage.Azure.csproj", "{FA89B3EA-E38C-4F35-A3DA-828D1274956F}"
EndProject
Global
	GlobalSection(SolutionConfigurationPlatforms) = preSolution
		Debug|Any CPU = Debug|Any CPU
		Release|Any CPU = Release|Any CPU
	EndGlobalSection
	GlobalSection(ProjectConfigurationPlatforms) = postSolution
		{281F92E8-F224-4036-858E-F04203D9107B}.Debug|Any CPU.ActiveCfg = Debug|Any CPU
		{281F92E8-F224-4036-858E-F04203D9107B}.Debug|Any CPU.Build.0 = Debug|Any CPU
		{281F92E8-F224-4036-858E-F04203D9107B}.Release|Any CPU.ActiveCfg = Release|Any CPU
		{281F92E8-F224-4036-858E-F04203D9107B}.Release|Any CPU.Build.0 = Release|Any CPU
		{C1B0EF6F-49FD-4199-8BA3-7FD7BA3DD4BA}.Debug|Any CPU.ActiveCfg = Debug|Any CPU
		{C1B0EF6F-49FD-4199-8BA3-7FD7BA3DD4BA}.Debug|Any CPU.Build.0 = Debug|Any CPU
		{C1B0EF6F-49FD-4199-8BA3-7FD7BA3DD4BA}.Release|Any CPU.ActiveCfg = Release|Any CPU
		{C1B0EF6F-49FD-4199-8BA3-7FD7BA3DD4BA}.Release|Any CPU.Build.0 = Release|Any CPU
		{9F190AFF-FADE-4E54-96D8-FFD6F14ECBEA}.Debug|Any CPU.ActiveCfg = Debug|Any CPU
		{9F190AFF-FADE-4E54-96D8-FFD6F14ECBEA}.Debug|Any CPU.Build.0 = Debug|Any CPU
		{9F190AFF-FADE-4E54-96D8-FFD6F14ECBEA}.Release|Any CPU.ActiveCfg = Release|Any CPU
		{9F190AFF-FADE-4E54-96D8-FFD6F14ECBEA}.Release|Any CPU.Build.0 = Release|Any CPU
		{DECEF05F-6F17-448E-A850-38A0977DB5BC}.Debug|Any CPU.ActiveCfg = Debug|Any CPU
		{DECEF05F-6F17-448E-A850-38A0977DB5BC}.Debug|Any CPU.Build.0 = Debug|Any CPU
		{DECEF05F-6F17-448E-A850-38A0977DB5BC}.Release|Any CPU.ActiveCfg = Release|Any CPU
		{DECEF05F-6F17-448E-A850-38A0977DB5BC}.Release|Any CPU.Build.0 = Release|Any CPU
		{C2EEFA12-A0DD-4EC4-BCFE-00B1DADC5797}.Debug|Any CPU.ActiveCfg = Debug|Any CPU
		{C2EEFA12-A0DD-4EC4-BCFE-00B1DADC5797}.Debug|Any CPU.Build.0 = Debug|Any CPU
		{C2EEFA12-A0DD-4EC4-BCFE-00B1DADC5797}.Release|Any CPU.ActiveCfg = Release|Any CPU
		{C2EEFA12-A0DD-4EC4-BCFE-00B1DADC5797}.Release|Any CPU.Build.0 = Release|Any CPU
		{269065CB-D3A4-4EFE-8F05-E4ED417B7083}.Debug|Any CPU.ActiveCfg = Debug|Any CPU
		{269065CB-D3A4-4EFE-8F05-E4ED417B7083}.Debug|Any CPU.Build.0 = Debug|Any CPU
		{269065CB-D3A4-4EFE-8F05-E4ED417B7083}.Release|Any CPU.ActiveCfg = Release|Any CPU
		{269065CB-D3A4-4EFE-8F05-E4ED417B7083}.Release|Any CPU.Build.0 = Release|Any CPU
		{777EEB29-52E1-4585-BB10-ECF95563EBD7}.Debug|Any CPU.ActiveCfg = Debug|Any CPU
		{777EEB29-52E1-4585-BB10-ECF95563EBD7}.Debug|Any CPU.Build.0 = Debug|Any CPU
		{777EEB29-52E1-4585-BB10-ECF95563EBD7}.Release|Any CPU.ActiveCfg = Release|Any CPU
		{777EEB29-52E1-4585-BB10-ECF95563EBD7}.Release|Any CPU.Build.0 = Release|Any CPU
		{4459FDE2-3D9F-408A-8D6B-863B1D05B865}.Debug|Any CPU.ActiveCfg = Debug|Any CPU
		{4459FDE2-3D9F-408A-8D6B-863B1D05B865}.Debug|Any CPU.Build.0 = Debug|Any CPU
		{4459FDE2-3D9F-408A-8D6B-863B1D05B865}.Release|Any CPU.ActiveCfg = Release|Any CPU
		{4459FDE2-3D9F-408A-8D6B-863B1D05B865}.Release|Any CPU.Build.0 = Release|Any CPU
		{DA7E9861-F5C1-45DF-8509-EC1D76F0EA9C}.Debug|Any CPU.ActiveCfg = Debug|Any CPU
		{DA7E9861-F5C1-45DF-8509-EC1D76F0EA9C}.Debug|Any CPU.Build.0 = Debug|Any CPU
		{DA7E9861-F5C1-45DF-8509-EC1D76F0EA9C}.Release|Any CPU.ActiveCfg = Release|Any CPU
		{DA7E9861-F5C1-45DF-8509-EC1D76F0EA9C}.Release|Any CPU.Build.0 = Release|Any CPU
		{1B24E7A5-880C-431E-B859-C77037F4CF00}.Debug|Any CPU.ActiveCfg = Debug|Any CPU
		{1B24E7A5-880C-431E-B859-C77037F4CF00}.Debug|Any CPU.Build.0 = Debug|Any CPU
		{1B24E7A5-880C-431E-B859-C77037F4CF00}.Release|Any CPU.ActiveCfg = Release|Any CPU
		{1B24E7A5-880C-431E-B859-C77037F4CF00}.Release|Any CPU.Build.0 = Release|Any CPU
		{5D77842D-DD96-4927-976A-FFFD8207ED70}.Debug|Any CPU.ActiveCfg = Debug|Any CPU
		{5D77842D-DD96-4927-976A-FFFD8207ED70}.Debug|Any CPU.Build.0 = Debug|Any CPU
		{5D77842D-DD96-4927-976A-FFFD8207ED70}.Release|Any CPU.ActiveCfg = Release|Any CPU
		{5D77842D-DD96-4927-976A-FFFD8207ED70}.Release|Any CPU.Build.0 = Release|Any CPU
		{A51B2EDB-B261-41B2-B86F-BBA84AE46288}.Debug|Any CPU.ActiveCfg = Debug|Any CPU
		{A51B2EDB-B261-41B2-B86F-BBA84AE46288}.Debug|Any CPU.Build.0 = Debug|Any CPU
		{A51B2EDB-B261-41B2-B86F-BBA84AE46288}.Release|Any CPU.ActiveCfg = Release|Any CPU
		{A51B2EDB-B261-41B2-B86F-BBA84AE46288}.Release|Any CPU.Build.0 = Release|Any CPU
		{B4D2F699-D825-4CC3-90D1-000E158D0450}.Debug|Any CPU.ActiveCfg = Debug|Any CPU
		{B4D2F699-D825-4CC3-90D1-000E158D0450}.Debug|Any CPU.Build.0 = Debug|Any CPU
		{B4D2F699-D825-4CC3-90D1-000E158D0450}.Release|Any CPU.ActiveCfg = Release|Any CPU
		{B4D2F699-D825-4CC3-90D1-000E158D0450}.Release|Any CPU.Build.0 = Release|Any CPU
		{1C645251-DB97-405B-9899-173FEB02E5B4}.Debug|Any CPU.ActiveCfg = Debug|Any CPU
		{1C645251-DB97-405B-9899-173FEB02E5B4}.Debug|Any CPU.Build.0 = Debug|Any CPU
		{1C645251-DB97-405B-9899-173FEB02E5B4}.Release|Any CPU.ActiveCfg = Release|Any CPU
		{1C645251-DB97-405B-9899-173FEB02E5B4}.Release|Any CPU.Build.0 = Release|Any CPU
		{A7759C7F-BC27-4BE5-A9D2-F94D0B3CB2F4}.Debug|Any CPU.ActiveCfg = Debug|Any CPU
		{A7759C7F-BC27-4BE5-A9D2-F94D0B3CB2F4}.Debug|Any CPU.Build.0 = Debug|Any CPU
		{A7759C7F-BC27-4BE5-A9D2-F94D0B3CB2F4}.Release|Any CPU.ActiveCfg = Release|Any CPU
		{A7759C7F-BC27-4BE5-A9D2-F94D0B3CB2F4}.Release|Any CPU.Build.0 = Release|Any CPU
		{FA89B3EA-E38C-4F35-A3DA-828D1274956F}.Debug|Any CPU.ActiveCfg = Debug|Any CPU
		{FA89B3EA-E38C-4F35-A3DA-828D1274956F}.Debug|Any CPU.Build.0 = Debug|Any CPU
		{FA89B3EA-E38C-4F35-A3DA-828D1274956F}.Release|Any CPU.ActiveCfg = Release|Any CPU
		{FA89B3EA-E38C-4F35-A3DA-828D1274956F}.Release|Any CPU.Build.0 = Release|Any CPU
	EndGlobalSection
	GlobalSection(SolutionProperties) = preSolution
		HideSolutionNode = FALSE
	EndGlobalSection
	GlobalSection(NestedProjects) = preSolution
		{281F92E8-F224-4036-858E-F04203D9107B} = {B6832CA4-604B-4DC8-908B-06405133B6B6}
		{C1B0EF6F-49FD-4199-8BA3-7FD7BA3DD4BA} = {B6832CA4-604B-4DC8-908B-06405133B6B6}
		{9F190AFF-FADE-4E54-96D8-FFD6F14ECBEA} = {2834E4EA-7AD3-4D09-B62D-430CA4C2289B}
		{DECEF05F-6F17-448E-A850-38A0977DB5BC} = {DA5D055F-6C44-466A-BE23-82DF4395EF36}
		{C2EEFA12-A0DD-4EC4-BCFE-00B1DADC5797} = {DA5D055F-6C44-466A-BE23-82DF4395EF36}
		{269065CB-D3A4-4EFE-8F05-E4ED417B7083} = {DA5D055F-6C44-466A-BE23-82DF4395EF36}
		{777EEB29-52E1-4585-BB10-ECF95563EBD7} = {2834E4EA-7AD3-4D09-B62D-430CA4C2289B}
		{4459FDE2-3D9F-408A-8D6B-863B1D05B865} = {DA5D055F-6C44-466A-BE23-82DF4395EF36}
		{DA7E9861-F5C1-45DF-8509-EC1D76F0EA9C} = {992EAEDC-B75F-45CA-8B2C-840E3F9B5133}
		{1B24E7A5-880C-431E-B859-C77037F4CF00} = {992EAEDC-B75F-45CA-8B2C-840E3F9B5133}
		{5D77842D-DD96-4927-976A-FFFD8207ED70} = {B6832CA4-604B-4DC8-908B-06405133B6B6}
		{A51B2EDB-B261-41B2-B86F-BBA84AE46288} = {992EAEDC-B75F-45CA-8B2C-840E3F9B5133}
		{B4D2F699-D825-4CC3-90D1-000E158D0450} = {B6832CA4-604B-4DC8-908B-06405133B6B6}
		{2D256FF1-18AD-4ACC-8930-732391B6A337} = {2834E4EA-7AD3-4D09-B62D-430CA4C2289B}
		{1C645251-DB97-405B-9899-173FEB02E5B4} = {B6832CA4-604B-4DC8-908B-06405133B6B6}
		{C53D01E0-E48F-40D5-92D8-EAECE82BACB3} = {B6832CA4-604B-4DC8-908B-06405133B6B6}
		{A7759C7F-BC27-4BE5-A9D2-F94D0B3CB2F4} = {10DDCDA2-E687-45E3-84FE-9CEB5EB656B9}
		{FA89B3EA-E38C-4F35-A3DA-828D1274956F} = {10DDCDA2-E687-45E3-84FE-9CEB5EB656B9}
	EndGlobalSection
	GlobalSection(ExtensibilityGlobals) = postSolution
		SolutionGuid = {F077B358-8F0D-4791-8E85-DDED3550C27A}
	EndGlobalSection
	GlobalSection(SharedMSBuildProjectFiles) = preSolution
		Codout.Framework.Dto.Shared\Codout.Framework.Dto.projitems*{1c645251-db97-405b-9899-173feb02e5b4}*SharedItemsImports = 5
		Codout.Framework.Api.Shared\Codout.Framework.Api.Shared.projitems*{2d256ff1-18ad-4acc-8930-732391b6a337}*SharedItemsImports = 13
		Codout.Framework.Api.Shared\Codout.Framework.Api.Shared.projitems*{777eeb29-52e1-4585-bb10-ecf95563ebd7}*SharedItemsImports = 5
		Codout.Framework.Dto.Shared\Codout.Framework.Dto.projitems*{777eeb29-52e1-4585-bb10-ecf95563ebd7}*SharedItemsImports = 5
		Codout.Framework.Api.Shared\Codout.Framework.Api.Shared.projitems*{9f190aff-fade-4e54-96d8-ffd6f14ecbea}*SharedItemsImports = 5
		Codout.Framework.Dto.Shared\Codout.Framework.Dto.projitems*{c53d01e0-e48f-40d5-92d8-eaece82bacb3}*SharedItemsImports = 13
	EndGlobalSection
EndGlobal
