Microsoft Visual Studio Solution File, Format Version 12.00
# Visual Studio Version 17
VisualStudioVersion = 17.1.32228.430
MinimumVisualStudioVersion = 10.0.40219.1
Project("{9A19103F-16F7-4668-BE54-9A1E7A4F7556}") = "Codout.Framework.Common", "Codout.Framework.Common\Codout.Framework.Common.csproj", "{281F92E8-F224-4036-858E-F04203D9107B}"
EndProject
Project("{9A19103F-16F7-4668-BE54-9A1E7A4F7556}") = "Codout.Framework.Domain", "Codout.Framework.Domain\Codout.Framework.Domain.csproj", "{C1B0EF6F-49FD-4199-8BA3-7FD7BA3DD4BA}"
EndProject
Project("{9A19103F-16F7-4668-BE54-9A1E7A4F7556}") = "Codout.Framework.Api", "Codout.Framework.Api\Codout.Framework.Api.csproj", "{9F190AFF-FADE-4E54-96D8-FFD6F14ECBEA}"
EndProject
Project("{9A19103F-16F7-4668-BE54-9A1E7A4F7556}") = "Codout.Framework.DAL", "Codout.Framework.DAL\Codout.Framework.DAL.csproj", "{DECEF05F-6F17-448E-A850-38A0977DB5BC}"
EndProject
Project("{9A19103F-16F7-4668-BE54-9A1E7A4F7556}") = "Codout.Framework.Mongo", "Codout.Framework.Mongo\Codout.Framework.Mongo.csproj", "{C2EEFA12-A0DD-4EC4-BCFE-00B1DADC5797}"
EndProject
Project("{9A19103F-16F7-4668-BE54-9A1E7A4F7556}") = "Codout.Framework.NH", "Codout.Framework.NH\Codout.Framework.NH.csproj", "{269065CB-D3A4-4EFE-8F05-E4ED417B7083}"
EndProject
Project("{9A19103F-16F7-4668-BE54-9A1E7A4F7556}") = "Codout.Framework.Api.Client", "Codout.Framework.Api.Client\Codout.Framework.Api.Client.csproj", "{777EEB29-52E1-4585-BB10-ECF95563EBD7}"
EndProject
Project("{9A19103F-16F7-4668-BE54-9A1E7A4F7556}") = "Codout.Framework.Api.Dto", "Codout.Framework.Api.Dto\Codout.Framework.Api.Dto.csproj", "{7673194E-68E7-4450-86E8-EB1331779D73}"
EndProject
Project("{9A19103F-16F7-4668-BE54-9A1E7A4F7556}") = "Codout.Framework.EF", "Codout.Framework.EF\Codout.Framework.EF.csproj", "{4459FDE2-3D9F-408A-8D6B-863B1D05B865}"
EndProject
Project("{9A19103F-16F7-4668-BE54-9A1E7A4F7556}") = "Codout.Mailer", "Codout.Mailer\Codout.Mailer.csproj", "{DA7E9861-F5C1-45DF-8509-EC1D76F0EA9C}"
EndProject
Project("{9A19103F-16F7-4668-BE54-9A1E7A4F7556}") = "Codout.Mailer.SendGrid", "Codout.Mailer.SendGrid\Codout.Mailer.SendGrid.csproj", "{1B24E7A5-880C-431E-B859-C77037F4CF00}"
EndProject
Project("{9A19103F-16F7-4668-BE54-9A1E7A4F7556}") = "Codout.Multitenancy", "Codout.Multitenancy\Codout.Multitenancy.csproj", "{5D77842D-DD96-4927-976A-FFFD8207ED70}"
EndProject
Project("{9A19103F-16F7-4668-BE54-9A1E7A4F7556}") = "Codout.Mailer.AWS", "Codout.Mailer.AWS\Codout.Mailer.AWS.csproj", "{A51B2EDB-B261-41B2-B86F-BBA84AE46288}"
EndProject
Project("{9A19103F-16F7-4668-BE54-9A1E7A4F7556}") = "Codout.Framework.Common.Test", "tests\Codout.Framework.Common.Test\Codout.Framework.Common.Test.csproj", "{6BDCEA2D-905D-4D64-AEB2-ECDFFA1D1451}"
EndProject
Project("{2150E333-8FDC-42A3-9474-1A3956D46DE8}") = "Tests", "Tests", "{4AB797AD-1525-46E7-B738-6B2400602CA4}"
EndProject
Project("{2150E333-8FDC-42A3-9474-1A3956D46DE8}") = "API", "API", "{2834E4EA-7AD3-4D09-B62D-430CA4C2289B}"
EndProject
Project("{2150E333-8FDC-42A3-9474-1A3956D46DE8}") = "DAL", "DAL", "{DA5D055F-6C44-466A-BE23-82DF4395EF36}"
EndProject
Project("{2150E333-8FDC-42A3-9474-1A3956D46DE8}") = "Core", "Core", "{B6832CA4-604B-4DC8-908B-06405133B6B6}"
EndProject
Project("{2150E333-8FDC-42A3-9474-1A3956D46DE8}") = "Mailer", "Mailer", "{992EAEDC-B75F-45CA-8B2C-840E3F9B5133}"
EndProject
Project("{9A19103F-16F7-4668-BE54-9A1E7A4F7556}") = "Codout.Kendo.DynamicLinq", "Codout.Kendo.DynamicLinq\Codout.Kendo.DynamicLinq.csproj", "{DE657A9A-7AEE-4592-B199-EE0FAE47414D}"
EndProject
Project("{2150E333-8FDC-42A3-9474-1A3956D46DE8}") = "Message", "Message", "{52D1358B-1A55-4554-92BE-1EE3407D72CA}"
EndProject
Project("{FAE04EC0-301F-11D3-BF4B-00C04F79EFBC}") = "Codout.Zenvia", "Codout.Zenvia\Codout.Zenvia.csproj", "{0FD9F981-632E-42B8-9EB3-FCAE365055DE}"
EndProject
Global
	GlobalSection(SolutionConfigurationPlatforms) = preSolution
		Debug|Any CPU = Debug|Any CPU
		Release|Any CPU = Release|Any CPU
	EndGlobalSection
	GlobalSection(ProjectConfigurationPlatforms) = postSolution
		{281F92E8-F224-4036-858E-F04203D9107B}.Debug|Any CPU.ActiveCfg = Debug|Any CPU
		{281F92E8-F224-4036-858E-F04203D9107B}.Debug|Any CPU.Build.0 = Debug|Any CPU
		{281F92E8-F224-4036-858E-F04203D9107B}.Release|Any CPU.ActiveCfg = Release|Any CPU
		{281F92E8-F224-4036-858E-F04203D9107B}.Release|Any CPU.Build.0 = Release|Any CPU
		{C1B0EF6F-49FD-4199-8BA3-7FD7BA3DD4BA}.Debug|Any CPU.ActiveCfg = Debug|Any CPU
		{C1B0EF6F-49FD-4199-8BA3-7FD7BA3DD4BA}.Debug|Any CPU.Build.0 = Debug|Any CPU
		{C1B0EF6F-49FD-4199-8BA3-7FD7BA3DD4BA}.Release|Any CPU.ActiveCfg = Release|Any CPU
		{C1B0EF6F-49FD-4199-8BA3-7FD7BA3DD4BA}.Release|Any CPU.Build.0 = Release|Any CPU
		{9F190AFF-FADE-4E54-96D8-FFD6F14ECBEA}.Debug|Any CPU.ActiveCfg = Debug|Any CPU
		{9F190AFF-FADE-4E54-96D8-FFD6F14ECBEA}.Debug|Any CPU.Build.0 = Debug|Any CPU
		{9F190AFF-FADE-4E54-96D8-FFD6F14ECBEA}.Release|Any CPU.ActiveCfg = Release|Any CPU
		{9F190AFF-FADE-4E54-96D8-FFD6F14ECBEA}.Release|Any CPU.Build.0 = Release|Any CPU
		{DECEF05F-6F17-448E-A850-38A0977DB5BC}.Debug|Any CPU.ActiveCfg = Debug|Any CPU
		{DECEF05F-6F17-448E-A850-38A0977DB5BC}.Debug|Any CPU.Build.0 = Debug|Any CPU
		{DECEF05F-6F17-448E-A850-38A0977DB5BC}.Release|Any CPU.ActiveCfg = Release|Any CPU
		{DECEF05F-6F17-448E-A850-38A0977DB5BC}.Release|Any CPU.Build.0 = Release|Any CPU
		{C2EEFA12-A0DD-4EC4-BCFE-00B1DADC5797}.Debug|Any CPU.ActiveCfg = Debug|Any CPU
		{C2EEFA12-A0DD-4EC4-BCFE-00B1DADC5797}.Debug|Any CPU.Build.0 = Debug|Any CPU
		{C2EEFA12-A0DD-4EC4-BCFE-00B1DADC5797}.Release|Any CPU.ActiveCfg = Release|Any CPU
		{C2EEFA12-A0DD-4EC4-BCFE-00B1DADC5797}.Release|Any CPU.Build.0 = Release|Any CPU
		{269065CB-D3A4-4EFE-8F05-E4ED417B7083}.Debug|Any CPU.ActiveCfg = Debug|Any CPU
		{269065CB-D3A4-4EFE-8F05-E4ED417B7083}.Debug|Any CPU.Build.0 = Debug|Any CPU
		{269065CB-D3A4-4EFE-8F05-E4ED417B7083}.Release|Any CPU.ActiveCfg = Release|Any CPU
		{269065CB-D3A4-4EFE-8F05-E4ED417B7083}.Release|Any CPU.Build.0 = Release|Any CPU
		{777EEB29-52E1-4585-BB10-ECF95563EBD7}.Debug|Any CPU.ActiveCfg = Debug|Any CPU
		{777EEB29-52E1-4585-BB10-ECF95563EBD7}.Debug|Any CPU.Build.0 = Debug|Any CPU
		{777EEB29-52E1-4585-BB10-ECF95563EBD7}.Release|Any CPU.ActiveCfg = Release|Any CPU
		{777EEB29-52E1-4585-BB10-ECF95563EBD7}.Release|Any CPU.Build.0 = Release|Any CPU
		{7673194E-68E7-4450-86E8-EB1331779D73}.Debug|Any CPU.ActiveCfg = Debug|Any CPU
		{7673194E-68E7-4450-86E8-EB1331779D73}.Debug|Any CPU.Build.0 = Debug|Any CPU
		{7673194E-68E7-4450-86E8-EB1331779D73}.Release|Any CPU.ActiveCfg = Release|Any CPU
		{7673194E-68E7-4450-86E8-EB1331779D73}.Release|Any CPU.Build.0 = Release|Any CPU
		{4459FDE2-3D9F-408A-8D6B-863B1D05B865}.Debug|Any CPU.ActiveCfg = Debug|Any CPU
		{4459FDE2-3D9F-408A-8D6B-863B1D05B865}.Debug|Any CPU.Build.0 = Debug|Any CPU
		{4459FDE2-3D9F-408A-8D6B-863B1D05B865}.Release|Any CPU.ActiveCfg = Release|Any CPU
		{4459FDE2-3D9F-408A-8D6B-863B1D05B865}.Release|Any CPU.Build.0 = Release|Any CPU
		{DA7E9861-F5C1-45DF-8509-EC1D76F0EA9C}.Debug|Any CPU.ActiveCfg = Debug|Any CPU
		{DA7E9861-F5C1-45DF-8509-EC1D76F0EA9C}.Debug|Any CPU.Build.0 = Debug|Any CPU
		{DA7E9861-F5C1-45DF-8509-EC1D76F0EA9C}.Release|Any CPU.ActiveCfg = Release|Any CPU
		{DA7E9861-F5C1-45DF-8509-EC1D76F0EA9C}.Release|Any CPU.Build.0 = Release|Any CPU
		{1B24E7A5-880C-431E-B859-C77037F4CF00}.Debug|Any CPU.ActiveCfg = Debug|Any CPU
		{1B24E7A5-880C-431E-B859-C77037F4CF00}.Debug|Any CPU.Build.0 = Debug|Any CPU
		{1B24E7A5-880C-431E-B859-C77037F4CF00}.Release|Any CPU.ActiveCfg = Release|Any CPU
		{1B24E7A5-880C-431E-B859-C77037F4CF00}.Release|Any CPU.Build.0 = Release|Any CPU
		{5D77842D-DD96-4927-976A-FFFD8207ED70}.Debug|Any CPU.ActiveCfg = Debug|Any CPU
		{5D77842D-DD96-4927-976A-FFFD8207ED70}.Debug|Any CPU.Build.0 = Debug|Any CPU
		{5D77842D-DD96-4927-976A-FFFD8207ED70}.Release|Any CPU.ActiveCfg = Release|Any CPU
		{5D77842D-DD96-4927-976A-FFFD8207ED70}.Release|Any CPU.Build.0 = Release|Any CPU
		{A51B2EDB-B261-41B2-B86F-BBA84AE46288}.Debug|Any CPU.ActiveCfg = Debug|Any CPU
		{A51B2EDB-B261-41B2-B86F-BBA84AE46288}.Debug|Any CPU.Build.0 = Debug|Any CPU
		{A51B2EDB-B261-41B2-B86F-BBA84AE46288}.Release|Any CPU.ActiveCfg = Release|Any CPU
		{A51B2EDB-B261-41B2-B86F-BBA84AE46288}.Release|Any CPU.Build.0 = Release|Any CPU
		{6BDCEA2D-905D-4D64-AEB2-ECDFFA1D1451}.Debug|Any CPU.ActiveCfg = Debug|Any CPU
		{6BDCEA2D-905D-4D64-AEB2-ECDFFA1D1451}.Debug|Any CPU.Build.0 = Debug|Any CPU
		{6BDCEA2D-905D-4D64-AEB2-ECDFFA1D1451}.Release|Any CPU.ActiveCfg = Release|Any CPU
		{6BDCEA2D-905D-4D64-AEB2-ECDFFA1D1451}.Release|Any CPU.Build.0 = Release|Any CPU
		{DE657A9A-7AEE-4592-B199-EE0FAE47414D}.Debug|Any CPU.ActiveCfg = Debug|Any CPU
		{DE657A9A-7AEE-4592-B199-EE0FAE47414D}.Debug|Any CPU.Build.0 = Debug|Any CPU
		{DE657A9A-7AEE-4592-B199-EE0FAE47414D}.Release|Any CPU.ActiveCfg = Release|Any CPU
		{DE657A9A-7AEE-4592-B199-EE0FAE47414D}.Release|Any CPU.Build.0 = Release|Any CPU
		{0FD9F981-632E-42B8-9EB3-FCAE365055DE}.Debug|Any CPU.ActiveCfg = Debug|Any CPU
		{0FD9F981-632E-42B8-9EB3-FCAE365055DE}.Debug|Any CPU.Build.0 = Debug|Any CPU
		{0FD9F981-632E-42B8-9EB3-FCAE365055DE}.Release|Any CPU.ActiveCfg = Release|Any CPU
		{0FD9F981-632E-42B8-9EB3-FCAE365055DE}.Release|Any CPU.Build.0 = Release|Any CPU
	EndGlobalSection
	GlobalSection(SolutionProperties) = preSolution
		HideSolutionNode = FALSE
	EndGlobalSection
	GlobalSection(NestedProjects) = preSolution
		{6BDCEA2D-905D-4D64-AEB2-ECDFFA1D1451} = {4AB797AD-1525-46E7-B738-6B2400602CA4}
		{281F92E8-F224-4036-858E-F04203D9107B} = {B6832CA4-604B-4DC8-908B-06405133B6B6}
		{C1B0EF6F-49FD-4199-8BA3-7FD7BA3DD4BA} = {B6832CA4-604B-4DC8-908B-06405133B6B6}
		{9F190AFF-FADE-4E54-96D8-FFD6F14ECBEA} = {2834E4EA-7AD3-4D09-B62D-430CA4C2289B}
		{DECEF05F-6F17-448E-A850-38A0977DB5BC} = {DA5D055F-6C44-466A-BE23-82DF4395EF36}
		{C2EEFA12-A0DD-4EC4-BCFE-00B1DADC5797} = {DA5D055F-6C44-466A-BE23-82DF4395EF36}
		{269065CB-D3A4-4EFE-8F05-E4ED417B7083} = {DA5D055F-6C44-466A-BE23-82DF4395EF36}
		{777EEB29-52E1-4585-BB10-ECF95563EBD7} = {2834E4EA-7AD3-4D09-B62D-430CA4C2289B}
		{7673194E-68E7-4450-86E8-EB1331779D73} = {2834E4EA-7AD3-4D09-B62D-430CA4C2289B}
		{4459FDE2-3D9F-408A-8D6B-863B1D05B865} = {DA5D055F-6C44-466A-BE23-82DF4395EF36}
		{DA7E9861-F5C1-45DF-8509-EC1D76F0EA9C} = {992EAEDC-B75F-45CA-8B2C-840E3F9B5133}
		{1B24E7A5-880C-431E-B859-C77037F4CF00} = {992EAEDC-B75F-45CA-8B2C-840E3F9B5133}
		{5D77842D-DD96-4927-976A-FFFD8207ED70} = {B6832CA4-604B-4DC8-908B-06405133B6B6}
		{A51B2EDB-B261-41B2-B86F-BBA84AE46288} = {992EAEDC-B75F-45CA-8B2C-840E3F9B5133}
		{DE657A9A-7AEE-4592-B199-EE0FAE47414D} = {B6832CA4-604B-4DC8-908B-06405133B6B6}
		{0FD9F981-632E-42B8-9EB3-FCAE365055DE} = {52D1358B-1A55-4554-92BE-1EE3407D72CA}
	EndGlobalSection
	GlobalSection(ExtensibilityGlobals) = postSolution
		SolutionGuid = {F077B358-8F0D-4791-8E85-DDED3550C27A}
	EndGlobalSection
EndGlobal
